
Microsoft Visual Studio Solution File, Format Version 12.00
# Visual Studio Version 16
VisualStudioVersion = 16.0.33423.256
MinimumVisualStudioVersion = 10.0.40219.1
Project("{FAE04EC0-301F-11D3-BF4B-00C04F79EFBC}") = "Ex04.Menus.Test", "Ex04.Menus.Test\Ex04.Menus.Test.csproj", "{B00BF74D-C25A-415A-AC91-C27341C19957}"
EndProject
Project("{FAE04EC0-301F-11D3-BF4B-00C04F79EFBC}") = "Ex04.Menus. Interfaces", "Ex04.Menus. Interfaces\Ex04.Menus. Interfaces.csproj", "{C555164C-54B7-4614-AB2E-3120C79434A2}"
EndProject
Project("{FAE04EC0-301F-11D3-BF4B-00C04F79EFBC}") = "Ex04.Menus.Delegates", "Ex04.Menus.Delegates\Ex04.Menus.Delegates.csproj", "{1BE33844-BF88-4A89-81E9-753920EC0060}"
EndProject
Global
	GlobalSection(SolutionConfigurationPlatforms) = preSolution
		Debug|Any CPU = Debug|Any CPU
		Release|Any CPU = Release|Any CPU
	EndGlobalSection
	GlobalSection(ProjectConfigurationPlatforms) = postSolution
		{B00BF74D-C25A-415A-AC91-C27341C19957}.Debug|Any CPU.ActiveCfg = Debug|Any CPU
		{B00BF74D-C25A-415A-AC91-C27341C19957}.Debug|Any CPU.Build.0 = Debug|Any CPU
		{B00BF74D-C25A-415A-AC91-C27341C19957}.Release|Any CPU.ActiveCfg = Release|Any CPU
		{B00BF74D-C25A-415A-AC91-C27341C19957}.Release|Any CPU.Build.0 = Release|Any CPU
		{C555164C-54B7-4614-AB2E-3120C79434A2}.Debug|Any CPU.ActiveCfg = Debug|Any CPU
		{C555164C-54B7-4614-AB2E-3120C79434A2}.Debug|Any CPU.Build.0 = Debug|Any CPU
		{C555164C-54B7-4614-AB2E-3120C79434A2}.Release|Any CPU.ActiveCfg = Release|Any CPU
		{C555164C-54B7-4614-AB2E-3120C79434A2}.Release|Any CPU.Build.0 = Release|Any CPU
		{1BE33844-BF88-4A89-81E9-753920EC0060}.Debug|Any CPU.ActiveCfg = Debug|Any CPU
		{1BE33844-BF88-4A89-81E9-753920EC0060}.Debug|Any CPU.Build.0 = Debug|Any CPU
		{1BE33844-BF88-4A89-81E9-753920EC0060}.Release|Any CPU.ActiveCfg = Release|Any CPU
		{1BE33844-BF88-4A89-81E9-753920EC0060}.Release|Any CPU.Build.0 = Release|Any CPU
	EndGlobalSection
	GlobalSection(SolutionProperties) = preSolution
		HideSolutionNode = FALSE
	EndGlobalSection
	GlobalSection(ExtensibilityGlobals) = postSolution
		SolutionGuid = {6AEBF14F-5AA9-4D2A-904D-43902DD75622}
	EndGlobalSection
EndGlobal
